
Microsoft Visual Studio Solution File, Format Version 10.00
# Visual Studio 2008
Project("{E24C65DC-7377-472B-9ABA-BC803B73C61A}") = "CallCenterApp", "C:\Inetpub\wwwroot\CallCenterApp\", "{599ACD3F-EA66-42F3-AB9D-F73C1D713803}"
	ProjectSection(WebsiteProperties) = preProject
		TargetFramework = "3.5"
		Debug.AspNetCompiler.VirtualPath = "/CallCenterApp"
		Debug.AspNetCompiler.PhysicalPath = "C:\Inetpub\wwwroot\CallCenterApp\"
		Debug.AspNetCompiler.TargetPath = "PrecompiledWeb\CallCenterApp\"
		Debug.AspNetCompiler.Updateable = "true"
		Debug.AspNetCompiler.ForceOverwrite = "true"
		Debug.AspNetCompiler.FixedNames = "false"
		Debug.AspNetCompiler.Debug = "True"
		Release.AspNetCompiler.VirtualPath = "/CallCenterApp"
		Release.AspNetCompiler.PhysicalPath = "C:\Inetpub\wwwroot\CallCenterApp\"
		Release.AspNetCompiler.TargetPath = "PrecompiledWeb\CallCenterApp\"
		Release.AspNetCompiler.Updateable = "true"
		Release.AspNetCompiler.ForceOverwrite = "true"
		Release.AspNetCompiler.FixedNames = "false"
		Release.AspNetCompiler.Debug = "False"
		VWDPort = "2732"
		DefaultWebSiteLanguage = "Visual C#"
	EndProjectSection
EndProject
Global
	GlobalSection(SolutionConfigurationPlatforms) = preSolution
		Debug|Any CPU = Debug|Any CPU
	EndGlobalSection
	GlobalSection(ProjectConfigurationPlatforms) = postSolution
		{599ACD3F-EA66-42F3-AB9D-F73C1D713803}.Debug|Any CPU.ActiveCfg = Debug|Any CPU
		{599ACD3F-EA66-42F3-AB9D-F73C1D713803}.Debug|Any CPU.Build.0 = Debug|Any CPU
	EndGlobalSection
	GlobalSection(SolutionProperties) = preSolution
		HideSolutionNode = FALSE
	EndGlobalSection
EndGlobal
